
Microsoft Visual Studio Solution File, Format Version 12.00
# Visual Studio Version 16
VisualStudioVersion = 16.0.29123.88
MinimumVisualStudioVersion = 10.0.40219.1
Project("{FAE04EC0-301F-11D3-BF4B-00C04F79EFBC}") = "WindowsFormsApp_memorendam", "WindowsFormsApp_memorendam\WindowsFormsApp_memorendam.csproj", "{F1F9E274-04DE-43D7-AE52-7F3F4C479114}"
EndProject
Global
	GlobalSection(SolutionConfigurationPlatforms) = preSolution
		Debug|Any CPU = Debug|Any CPU
		Release|Any CPU = Release|Any CPU
	EndGlobalSection
	GlobalSection(ProjectConfigurationPlatforms) = postSolution
		{F1F9E274-04DE-43D7-AE52-7F3F4C479114}.Debug|Any CPU.ActiveCfg = Debug|Any CPU
		{F1F9E274-04DE-43D7-AE52-7F3F4C479114}.Debug|Any CPU.Build.0 = Debug|Any CPU
		{F1F9E274-04DE-43D7-AE52-7F3F4C479114}.Release|Any CPU.ActiveCfg = Release|Any CPU
		{F1F9E274-04DE-43D7-AE52-7F3F4C479114}.Release|Any CPU.Build.0 = Release|Any CPU
	EndGlobalSection
	GlobalSection(SolutionProperties) = preSolution
		HideSolutionNode = FALSE
	EndGlobalSection
	GlobalSection(ExtensibilityGlobals) = postSolution
		SolutionGuid = {85D59FDD-6D86-4979-9D95-EB36746CAEBC}
	EndGlobalSection
EndGlobal
